
Microsoft Visual Studio Solution File, Format Version 10.00
# Visual Studio 2008
Project("{2150E333-8FDC-42A3-9474-1A3956D46DE8}") = "Solution Items", "Solution Items", "{9B9DE9DF-35B2-415D-B4FF-1D92F63B5E77}"
	ProjectSection(SolutionItems) = preProject
		localrun.testrunconfig = localrun.testrunconfig
		Tools.Net.200810.vsmdi = Tools.Net.200810.vsmdi
		Tools.Net.200811.vsmdi = Tools.Net.200811.vsmdi
		Tools.Net.20085.vsmdi = Tools.Net.20085.vsmdi
		Tools.Net.20089.vsmdi = Tools.Net.20089.vsmdi
	EndProjectSection
EndProject
Project("{FAE04EC0-301F-11D3-BF4B-00C04F79EFBC}") = "Tools.Common", "src\Tools.Common\Tools.Common.csproj", "{EDF6395D-98B7-45D7-834F-493D215F8B14}"
EndProject
Project("{E24C65DC-7377-472B-9ABA-BC803B73C61A}") = "Tools.WebSite", "src\Tools.WebSite\", "{59DEB532-F349-4ACF-8DDF-47480F351B56}"
	ProjectSection(WebsiteProperties) = preProject
		TargetFramework = "3.5"
		ProjectReferences = "{B1789295-B42B-493A-9CE0-570AE9425773}|Tools.Logging.dll;{866674A9-91C9-421F-84E5-6F9B36E51854}|Tools.Core.dll;"
		Debug.AspNetCompiler.VirtualPath = "/Tools.WebSite"
		Debug.AspNetCompiler.PhysicalPath = "src\Tools.WebSite\"
		Debug.AspNetCompiler.TargetPath = "PrecompiledWeb\Tools.WebSite\"
		Debug.AspNetCompiler.Updateable = "true"
		Debug.AspNetCompiler.ForceOverwrite = "true"
		Debug.AspNetCompiler.FixedNames = "false"
		Debug.AspNetCompiler.Debug = "True"
		Release.AspNetCompiler.VirtualPath = "/Tools.WebSite"
		Release.AspNetCompiler.PhysicalPath = "src\Tools.WebSite\"
		Release.AspNetCompiler.TargetPath = "PrecompiledWeb\Tools.WebSite\"
		Release.AspNetCompiler.Updateable = "true"
		Release.AspNetCompiler.ForceOverwrite = "true"
		Release.AspNetCompiler.FixedNames = "false"
		Release.AspNetCompiler.Debug = "False"
		VWDPort = "54963"
		DefaultWebSiteLanguage = "Visual C#"
	EndProjectSection
EndProject
Project("{FAE04EC0-301F-11D3-BF4B-00C04F79EFBC}") = "Tools.Core", "src\Tools.Core\Tools.Core.csproj", "{866674A9-91C9-421F-84E5-6F9B36E51854}"
EndProject
Project("{FAE04EC0-301F-11D3-BF4B-00C04F79EFBC}") = "Tools.Logging", "src\Tools.Logging\Tools.Logging.csproj", "{B1789295-B42B-493A-9CE0-570AE9425773}"
EndProject
Project("{FAE04EC0-301F-11D3-BF4B-00C04F79EFBC}") = "Tools.Logging.Tests", "src\Tools.Logging.Tests\Tools.Logging.Tests.csproj", "{0282EC7E-6588-4426-A5B1-DFCD18C06236}"
EndProject
Project("{FAE04EC0-301F-11D3-BF4B-00C04F79EFBC}") = "Tools.Logging.Staging", "src\Tools.Logging.Staging\Tools.Logging.Staging.csproj", "{8A04369F-242F-47A1-9A34-0D6D63337775}"
EndProject
Project("{FAE04EC0-301F-11D3-BF4B-00C04F79EFBC}") = "Tools.Logging.Ioc", "src\Tools.Logging.Ioc\Tools.Logging.Ioc.csproj", "{E534EDE7-6F4F-46A4-B697-D066C83A5810}"
EndProject
Project("{FAE04EC0-301F-11D3-BF4B-00C04F79EFBC}") = "Tools.Logging.Ioc.Tests", "src\Tools.Logging.Ioc.Tests\Tools.Logging.Ioc.Tests.csproj", "{116FF600-71B5-4EB4-88CB-77FF14EA2960}"
EndProject
Project("{2150E333-8FDC-42A3-9474-1A3956D46DE8}") = "Tests", "Tests", "{415D2939-8ADF-44FE-BDFC-EF056D9F0CDC}"
EndProject
Project("{FAE04EC0-301F-11D3-BF4B-00C04F79EFBC}") = "Tools.Core.Tests", "src\Tools.Core.Tests\Tools.Core.Tests.csproj", "{B85DCD9B-4BF3-4C54-9A5F-32A640542CFC}"
EndProject
Project("{FAE04EC0-301F-11D3-BF4B-00C04F79EFBC}") = "Tools.Logging.Diagnostics.Tests", "src\Tools.Logging.Diagnostics.Tests\Tools.Logging.Diagnostics.Tests.csproj", "{46E25CE0-5CCC-4187-B66A-C61209181E49}"
EndProject
Project("{FAE04EC0-301F-11D3-BF4B-00C04F79EFBC}") = "Tools.Processes.Host", "src\Tools.Processes.Host\Tools.Processes.Host.csproj", "{44600F98-8BEE-49F0-83B4-6A51689145F7}"
EndProject
Project("{FAE04EC0-301F-11D3-BF4B-00C04F79EFBC}") = "Tools.Wcf.Host", "src\Tools.Wcf.Host\Tools.Wcf.Host.csproj", "{0BD67253-2590-4792-A1F6-A0377519D0A2}"
EndProject
Project("{FAE04EC0-301F-11D3-BF4B-00C04F79EFBC}") = "Tools.Processes.Core", "src\Tools.Processes.Core\Tools.Processes.Core.csproj", "{CB24C2A7-B79B-43F2-8D1F-4558A797C080}"
EndProject
Project("{FAE04EC0-301F-11D3-BF4B-00C04F79EFBC}") = "Tools.SwissKnife", "src\Tools.SwissKnife\Tools.SwissKnife.csproj", "{14056D67-67B5-4997-8DE8-11122E44E2CE}"
EndProject
Project("{FAE04EC0-301F-11D3-BF4B-00C04F79EFBC}") = "Tools.Collaboration.Core", "src\Tools.Collaboration.Core\Tools.Collaboration.Core.csproj", "{B3E5F089-8524-4966-9103-2CC8D61FE495}"
EndProject
Project("{FAE04EC0-301F-11D3-BF4B-00C04F79EFBC}") = "Tools.Collaboration.Contracts", "src\Tools.Collaboration.Contracts\Tools.Collaboration.Contracts.csproj", "{29CA9249-AAAF-4FCB-B00E-0F1E27FF3EA8}"
EndProject
Project("{FAE04EC0-301F-11D3-BF4B-00C04F79EFBC}") = "Tools.Collaboration.Publishing", "src\Tools.Collaboration.Publishing\Tools.Collaboration.Publishing.csproj", "{6F70D6A5-10EC-408A-AE86-9720451F81CE}"
EndProject
Project("{2150E333-8FDC-42A3-9474-1A3956D46DE8}") = "Old", "Old", "{2CA71D49-8854-4CC4-86DE-B8E478A46BA2}"
EndProject
Project("{2150E333-8FDC-42A3-9474-1A3956D46DE8}") = "Logging", "Logging", "{7329300B-B3C3-413A-8F9F-9CDF01D9E5EB}"
EndProject
Project("{2150E333-8FDC-42A3-9474-1A3956D46DE8}") = "Processes", "Processes", "{26935539-4B6F-4950-9491-318C3B42342D}"
EndProject
Project("{2150E333-8FDC-42A3-9474-1A3956D46DE8}") = "Wcf", "Wcf", "{F2E22C25-18F5-4F53-8138-8CCE1A88957C}"
EndProject
Project("{2150E333-8FDC-42A3-9474-1A3956D46DE8}") = "Collaboration", "Collaboration", "{82100747-400A-480C-B2FD-366436076AC5}"
EndProject
Project("{FAE04EC0-301F-11D3-BF4B-00C04F79EFBC}") = "Tools.Collaboration.Publishing.Host", "src\Tools.Collaboration.Publishing.Host\Tools.Collaboration.Publishing.Host.csproj", "{D0140D5A-D084-4731-8AB1-491663CBD8B2}"
EndProject
Project("{FAE04EC0-301F-11D3-BF4B-00C04F79EFBC}") = "Tools.Wcf.Core", "src\Tools.Wcf.Core\Tools.Wcf.Core.csproj", "{35DC2BC4-13F4-4D29-ABB0-610E87B7F098}"
EndProject
Global
	GlobalSection(TestCaseManagementSettings) = postSolution
		CategoryFile = Tools.Net.200811.vsmdi
	EndGlobalSection
	GlobalSection(SolutionConfigurationPlatforms) = preSolution
		Debug|.NET = Debug|.NET
		Debug|Any CPU = Debug|Any CPU
		Debug|Mixed Platforms = Debug|Mixed Platforms
		Release|.NET = Release|.NET
		Release|Any CPU = Release|Any CPU
		Release|Mixed Platforms = Release|Mixed Platforms
	EndGlobalSection
	GlobalSection(ProjectConfigurationPlatforms) = postSolution
		{EDF6395D-98B7-45D7-834F-493D215F8B14}.Debug|.NET.ActiveCfg = Debug|Any CPU
		{EDF6395D-98B7-45D7-834F-493D215F8B14}.Debug|Any CPU.ActiveCfg = Debug|Any CPU
		{EDF6395D-98B7-45D7-834F-493D215F8B14}.Debug|Any CPU.Build.0 = Debug|Any CPU
		{EDF6395D-98B7-45D7-834F-493D215F8B14}.Debug|Mixed Platforms.ActiveCfg = Debug|Any CPU
		{EDF6395D-98B7-45D7-834F-493D215F8B14}.Release|.NET.ActiveCfg = Release|Any CPU
		{EDF6395D-98B7-45D7-834F-493D215F8B14}.Release|Any CPU.ActiveCfg = Release|Any CPU
		{EDF6395D-98B7-45D7-834F-493D215F8B14}.Release|Any CPU.Build.0 = Release|Any CPU
		{EDF6395D-98B7-45D7-834F-493D215F8B14}.Release|Mixed Platforms.ActiveCfg = Release|Any CPU
		{EDF6395D-98B7-45D7-834F-493D215F8B14}.Release|Mixed Platforms.Build.0 = Release|Any CPU
		{59DEB532-F349-4ACF-8DDF-47480F351B56}.Debug|.NET.ActiveCfg = Debug|.NET
		{59DEB532-F349-4ACF-8DDF-47480F351B56}.Debug|.NET.Build.0 = Debug|.NET
		{59DEB532-F349-4ACF-8DDF-47480F351B56}.Debug|Any CPU.ActiveCfg = Debug|.NET
		{59DEB532-F349-4ACF-8DDF-47480F351B56}.Debug|Mixed Platforms.ActiveCfg = Debug|.NET
		{59DEB532-F349-4ACF-8DDF-47480F351B56}.Debug|Mixed Platforms.Build.0 = Debug|.NET
		{59DEB532-F349-4ACF-8DDF-47480F351B56}.Release|.NET.ActiveCfg = Debug|.NET
		{59DEB532-F349-4ACF-8DDF-47480F351B56}.Release|.NET.Build.0 = Debug|.NET
		{59DEB532-F349-4ACF-8DDF-47480F351B56}.Release|Any CPU.ActiveCfg = Debug|.NET
		{59DEB532-F349-4ACF-8DDF-47480F351B56}.Release|Mixed Platforms.ActiveCfg = Debug|.NET
		{59DEB532-F349-4ACF-8DDF-47480F351B56}.Release|Mixed Platforms.Build.0 = Debug|.NET
		{866674A9-91C9-421F-84E5-6F9B36E51854}.Debug|.NET.ActiveCfg = Debug|Any CPU
		{866674A9-91C9-421F-84E5-6F9B36E51854}.Debug|Any CPU.ActiveCfg = Debug|Any CPU
		{866674A9-91C9-421F-84E5-6F9B36E51854}.Debug|Any CPU.Build.0 = Debug|Any CPU
		{866674A9-91C9-421F-84E5-6F9B36E51854}.Debug|Mixed Platforms.ActiveCfg = Debug|Any CPU
		{866674A9-91C9-421F-84E5-6F9B36E51854}.Debug|Mixed Platforms.Build.0 = Debug|Any CPU
		{866674A9-91C9-421F-84E5-6F9B36E51854}.Release|.NET.ActiveCfg = Release|Any CPU
		{866674A9-91C9-421F-84E5-6F9B36E51854}.Release|Any CPU.ActiveCfg = Release|Any CPU
		{866674A9-91C9-421F-84E5-6F9B36E51854}.Release|Any CPU.Build.0 = Release|Any CPU
		{866674A9-91C9-421F-84E5-6F9B36E51854}.Release|Mixed Platforms.ActiveCfg = Release|Any CPU
		{866674A9-91C9-421F-84E5-6F9B36E51854}.Release|Mixed Platforms.Build.0 = Release|Any CPU
		{B1789295-B42B-493A-9CE0-570AE9425773}.Debug|.NET.ActiveCfg = Debug|Any CPU
		{B1789295-B42B-493A-9CE0-570AE9425773}.Debug|Any CPU.ActiveCfg = Debug|Any CPU
		{B1789295-B42B-493A-9CE0-570AE9425773}.Debug|Any CPU.Build.0 = Debug|Any CPU
		{B1789295-B42B-493A-9CE0-570AE9425773}.Debug|Mixed Platforms.ActiveCfg = Debug|Any CPU
		{B1789295-B42B-493A-9CE0-570AE9425773}.Debug|Mixed Platforms.Build.0 = Debug|Any CPU
		{B1789295-B42B-493A-9CE0-570AE9425773}.Release|.NET.ActiveCfg = Release|Any CPU
		{B1789295-B42B-493A-9CE0-570AE9425773}.Release|Any CPU.ActiveCfg = Release|Any CPU
		{B1789295-B42B-493A-9CE0-570AE9425773}.Release|Any CPU.Build.0 = Release|Any CPU
		{B1789295-B42B-493A-9CE0-570AE9425773}.Release|Mixed Platforms.ActiveCfg = Release|Any CPU
		{B1789295-B42B-493A-9CE0-570AE9425773}.Release|Mixed Platforms.Build.0 = Release|Any CPU
		{0282EC7E-6588-4426-A5B1-DFCD18C06236}.Debug|.NET.ActiveCfg = Debug|Any CPU
		{0282EC7E-6588-4426-A5B1-DFCD18C06236}.Debug|Any CPU.ActiveCfg = Debug|Any CPU
		{0282EC7E-6588-4426-A5B1-DFCD18C06236}.Debug|Any CPU.Build.0 = Debug|Any CPU
		{0282EC7E-6588-4426-A5B1-DFCD18C06236}.Debug|Mixed Platforms.ActiveCfg = Debug|Any CPU
		{0282EC7E-6588-4426-A5B1-DFCD18C06236}.Debug|Mixed Platforms.Build.0 = Debug|Any CPU
		{0282EC7E-6588-4426-A5B1-DFCD18C06236}.Release|.NET.ActiveCfg = Release|Any CPU
		{0282EC7E-6588-4426-A5B1-DFCD18C06236}.Release|Any CPU.ActiveCfg = Release|Any CPU
		{0282EC7E-6588-4426-A5B1-DFCD18C06236}.Release|Any CPU.Build.0 = Release|Any CPU
		{0282EC7E-6588-4426-A5B1-DFCD18C06236}.Release|Mixed Platforms.ActiveCfg = Release|Any CPU
		{0282EC7E-6588-4426-A5B1-DFCD18C06236}.Release|Mixed Platforms.Build.0 = Release|Any CPU
		{8A04369F-242F-47A1-9A34-0D6D63337775}.Debug|.NET.ActiveCfg = Debug|Any CPU
		{8A04369F-242F-47A1-9A34-0D6D63337775}.Debug|Any CPU.ActiveCfg = Debug|Any CPU
		{8A04369F-242F-47A1-9A34-0D6D63337775}.Debug|Any CPU.Build.0 = Debug|Any CPU
		{8A04369F-242F-47A1-9A34-0D6D63337775}.Debug|Mixed Platforms.ActiveCfg = Debug|Any CPU
		{8A04369F-242F-47A1-9A34-0D6D63337775}.Release|.NET.ActiveCfg = Release|Any CPU
		{8A04369F-242F-47A1-9A34-0D6D63337775}.Release|Any CPU.ActiveCfg = Release|Any CPU
		{8A04369F-242F-47A1-9A34-0D6D63337775}.Release|Any CPU.Build.0 = Release|Any CPU
		{8A04369F-242F-47A1-9A34-0D6D63337775}.Release|Mixed Platforms.ActiveCfg = Release|Any CPU
		{8A04369F-242F-47A1-9A34-0D6D63337775}.Release|Mixed Platforms.Build.0 = Release|Any CPU
		{E534EDE7-6F4F-46A4-B697-D066C83A5810}.Debug|.NET.ActiveCfg = Debug|Any CPU
		{E534EDE7-6F4F-46A4-B697-D066C83A5810}.Debug|Any CPU.ActiveCfg = Debug|Any CPU
		{E534EDE7-6F4F-46A4-B697-D066C83A5810}.Debug|Any CPU.Build.0 = Debug|Any CPU
		{E534EDE7-6F4F-46A4-B697-D066C83A5810}.Debug|Mixed Platforms.ActiveCfg = Debug|Any CPU
		{E534EDE7-6F4F-46A4-B697-D066C83A5810}.Debug|Mixed Platforms.Build.0 = Debug|Any CPU
		{E534EDE7-6F4F-46A4-B697-D066C83A5810}.Release|.NET.ActiveCfg = Release|Any CPU
		{E534EDE7-6F4F-46A4-B697-D066C83A5810}.Release|Any CPU.ActiveCfg = Release|Any CPU
		{E534EDE7-6F4F-46A4-B697-D066C83A5810}.Release|Any CPU.Build.0 = Release|Any CPU
		{E534EDE7-6F4F-46A4-B697-D066C83A5810}.Release|Mixed Platforms.ActiveCfg = Release|Any CPU
		{E534EDE7-6F4F-46A4-B697-D066C83A5810}.Release|Mixed Platforms.Build.0 = Release|Any CPU
		{116FF600-71B5-4EB4-88CB-77FF14EA2960}.Debug|.NET.ActiveCfg = Debug|Any CPU
		{116FF600-71B5-4EB4-88CB-77FF14EA2960}.Debug|Any CPU.ActiveCfg = Debug|Any CPU
		{116FF600-71B5-4EB4-88CB-77FF14EA2960}.Debug|Any CPU.Build.0 = Debug|Any CPU
		{116FF600-71B5-4EB4-88CB-77FF14EA2960}.Debug|Mixed Platforms.ActiveCfg = Debug|Any CPU
		{116FF600-71B5-4EB4-88CB-77FF14EA2960}.Debug|Mixed Platforms.Build.0 = Debug|Any CPU
		{116FF600-71B5-4EB4-88CB-77FF14EA2960}.Release|.NET.ActiveCfg = Release|Any CPU
		{116FF600-71B5-4EB4-88CB-77FF14EA2960}.Release|Any CPU.ActiveCfg = Release|Any CPU
		{116FF600-71B5-4EB4-88CB-77FF14EA2960}.Release|Any CPU.Build.0 = Release|Any CPU
		{116FF600-71B5-4EB4-88CB-77FF14EA2960}.Release|Mixed Platforms.ActiveCfg = Release|Any CPU
		{116FF600-71B5-4EB4-88CB-77FF14EA2960}.Release|Mixed Platforms.Build.0 = Release|Any CPU
		{B85DCD9B-4BF3-4C54-9A5F-32A640542CFC}.Debug|.NET.ActiveCfg = Debug|Any CPU
		{B85DCD9B-4BF3-4C54-9A5F-32A640542CFC}.Debug|Any CPU.ActiveCfg = Debug|Any CPU
		{B85DCD9B-4BF3-4C54-9A5F-32A640542CFC}.Debug|Any CPU.Build.0 = Debug|Any CPU
		{B85DCD9B-4BF3-4C54-9A5F-32A640542CFC}.Debug|Mixed Platforms.ActiveCfg = Debug|Any CPU
		{B85DCD9B-4BF3-4C54-9A5F-32A640542CFC}.Debug|Mixed Platforms.Build.0 = Debug|Any CPU
		{B85DCD9B-4BF3-4C54-9A5F-32A640542CFC}.Release|.NET.ActiveCfg = Release|Any CPU
		{B85DCD9B-4BF3-4C54-9A5F-32A640542CFC}.Release|Any CPU.ActiveCfg = Release|Any CPU
		{B85DCD9B-4BF3-4C54-9A5F-32A640542CFC}.Release|Any CPU.Build.0 = Release|Any CPU
		{B85DCD9B-4BF3-4C54-9A5F-32A640542CFC}.Release|Mixed Platforms.ActiveCfg = Release|Any CPU
		{B85DCD9B-4BF3-4C54-9A5F-32A640542CFC}.Release|Mixed Platforms.Build.0 = Release|Any CPU
		{46E25CE0-5CCC-4187-B66A-C61209181E49}.Debug|.NET.ActiveCfg = Debug|Any CPU
		{46E25CE0-5CCC-4187-B66A-C61209181E49}.Debug|Any CPU.ActiveCfg = Debug|Any CPU
		{46E25CE0-5CCC-4187-B66A-C61209181E49}.Debug|Any CPU.Build.0 = Debug|Any CPU
		{46E25CE0-5CCC-4187-B66A-C61209181E49}.Debug|Mixed Platforms.ActiveCfg = Debug|Any CPU
		{46E25CE0-5CCC-4187-B66A-C61209181E49}.Debug|Mixed Platforms.Build.0 = Debug|Any CPU
		{46E25CE0-5CCC-4187-B66A-C61209181E49}.Release|.NET.ActiveCfg = Release|Any CPU
		{46E25CE0-5CCC-4187-B66A-C61209181E49}.Release|Any CPU.ActiveCfg = Release|Any CPU
		{46E25CE0-5CCC-4187-B66A-C61209181E49}.Release|Any CPU.Build.0 = Release|Any CPU
		{46E25CE0-5CCC-4187-B66A-C61209181E49}.Release|Mixed Platforms.ActiveCfg = Release|Any CPU
		{46E25CE0-5CCC-4187-B66A-C61209181E49}.Release|Mixed Platforms.Build.0 = Release|Any CPU
		{44600F98-8BEE-49F0-83B4-6A51689145F7}.Debug|.NET.ActiveCfg = Debug|Any CPU
		{44600F98-8BEE-49F0-83B4-6A51689145F7}.Debug|Any CPU.ActiveCfg = Debug|Any CPU
		{44600F98-8BEE-49F0-83B4-6A51689145F7}.Debug|Any CPU.Build.0 = Debug|Any CPU
		{44600F98-8BEE-49F0-83B4-6A51689145F7}.Debug|Mixed Platforms.ActiveCfg = Debug|Any CPU
		{44600F98-8BEE-49F0-83B4-6A51689145F7}.Debug|Mixed Platforms.Build.0 = Debug|Any CPU
		{44600F98-8BEE-49F0-83B4-6A51689145F7}.Release|.NET.ActiveCfg = Release|Any CPU
		{44600F98-8BEE-49F0-83B4-6A51689145F7}.Release|Any CPU.ActiveCfg = Release|Any CPU
		{44600F98-8BEE-49F0-83B4-6A51689145F7}.Release|Any CPU.Build.0 = Release|Any CPU
		{44600F98-8BEE-49F0-83B4-6A51689145F7}.Release|Mixed Platforms.ActiveCfg = Release|Any CPU
		{44600F98-8BEE-49F0-83B4-6A51689145F7}.Release|Mixed Platforms.Build.0 = Release|Any CPU
		{0BD67253-2590-4792-A1F6-A0377519D0A2}.Debug|.NET.ActiveCfg = Debug|Any CPU
		{0BD67253-2590-4792-A1F6-A0377519D0A2}.Debug|Any CPU.ActiveCfg = Debug|Any CPU
		{0BD67253-2590-4792-A1F6-A0377519D0A2}.Debug|Any CPU.Build.0 = Debug|Any CPU
		{0BD67253-2590-4792-A1F6-A0377519D0A2}.Debug|Mixed Platforms.ActiveCfg = Debug|Any CPU
		{0BD67253-2590-4792-A1F6-A0377519D0A2}.Debug|Mixed Platforms.Build.0 = Debug|Any CPU
		{0BD67253-2590-4792-A1F6-A0377519D0A2}.Release|.NET.ActiveCfg = Release|Any CPU
		{0BD67253-2590-4792-A1F6-A0377519D0A2}.Release|Any CPU.ActiveCfg = Release|Any CPU
		{0BD67253-2590-4792-A1F6-A0377519D0A2}.Release|Any CPU.Build.0 = Release|Any CPU
		{0BD67253-2590-4792-A1F6-A0377519D0A2}.Release|Mixed Platforms.ActiveCfg = Release|Any CPU
		{0BD67253-2590-4792-A1F6-A0377519D0A2}.Release|Mixed Platforms.Build.0 = Release|Any CPU
		{CB24C2A7-B79B-43F2-8D1F-4558A797C080}.Debug|.NET.ActiveCfg = Debug|Any CPU
		{CB24C2A7-B79B-43F2-8D1F-4558A797C080}.Debug|Any CPU.ActiveCfg = Debug|Any CPU
		{CB24C2A7-B79B-43F2-8D1F-4558A797C080}.Debug|Any CPU.Build.0 = Debug|Any CPU
		{CB24C2A7-B79B-43F2-8D1F-4558A797C080}.Debug|Mixed Platforms.ActiveCfg = Debug|Any CPU
		{CB24C2A7-B79B-43F2-8D1F-4558A797C080}.Debug|Mixed Platforms.Build.0 = Debug|Any CPU
		{CB24C2A7-B79B-43F2-8D1F-4558A797C080}.Release|.NET.ActiveCfg = Release|Any CPU
		{CB24C2A7-B79B-43F2-8D1F-4558A797C080}.Release|Any CPU.ActiveCfg = Release|Any CPU
		{CB24C2A7-B79B-43F2-8D1F-4558A797C080}.Release|Any CPU.Build.0 = Release|Any CPU
		{CB24C2A7-B79B-43F2-8D1F-4558A797C080}.Release|Mixed Platforms.ActiveCfg = Release|Any CPU
		{CB24C2A7-B79B-43F2-8D1F-4558A797C080}.Release|Mixed Platforms.Build.0 = Release|Any CPU
		{14056D67-67B5-4997-8DE8-11122E44E2CE}.Debug|.NET.ActiveCfg = Debug|Any CPU
		{14056D67-67B5-4997-8DE8-11122E44E2CE}.Debug|Any CPU.ActiveCfg = Debug|Any CPU
		{14056D67-67B5-4997-8DE8-11122E44E2CE}.Debug|Any CPU.Build.0 = Debug|Any CPU
		{14056D67-67B5-4997-8DE8-11122E44E2CE}.Debug|Mixed Platforms.ActiveCfg = Debug|Any CPU
		{14056D67-67B5-4997-8DE8-11122E44E2CE}.Debug|Mixed Platforms.Build.0 = Debug|Any CPU
		{14056D67-67B5-4997-8DE8-11122E44E2CE}.Release|.NET.ActiveCfg = Release|Any CPU
		{14056D67-67B5-4997-8DE8-11122E44E2CE}.Release|Any CPU.ActiveCfg = Release|Any CPU
		{14056D67-67B5-4997-8DE8-11122E44E2CE}.Release|Any CPU.Build.0 = Release|Any CPU
		{14056D67-67B5-4997-8DE8-11122E44E2CE}.Release|Mixed Platforms.ActiveCfg = Release|Any CPU
		{14056D67-67B5-4997-8DE8-11122E44E2CE}.Release|Mixed Platforms.Build.0 = Release|Any CPU
		{B3E5F089-8524-4966-9103-2CC8D61FE495}.Debug|.NET.ActiveCfg = Debug|Any CPU
		{B3E5F089-8524-4966-9103-2CC8D61FE495}.Debug|Any CPU.ActiveCfg = Debug|Any CPU
		{B3E5F089-8524-4966-9103-2CC8D61FE495}.Debug|Any CPU.Build.0 = Debug|Any CPU
		{B3E5F089-8524-4966-9103-2CC8D61FE495}.Debug|Mixed Platforms.ActiveCfg = Debug|Any CPU
		{B3E5F089-8524-4966-9103-2CC8D61FE495}.Debug|Mixed Platforms.Build.0 = Debug|Any CPU
		{B3E5F089-8524-4966-9103-2CC8D61FE495}.Release|.NET.ActiveCfg = Release|Any CPU
		{B3E5F089-8524-4966-9103-2CC8D61FE495}.Release|Any CPU.ActiveCfg = Release|Any CPU
		{B3E5F089-8524-4966-9103-2CC8D61FE495}.Release|Any CPU.Build.0 = Release|Any CPU
		{B3E5F089-8524-4966-9103-2CC8D61FE495}.Release|Mixed Platforms.ActiveCfg = Release|Any CPU
		{B3E5F089-8524-4966-9103-2CC8D61FE495}.Release|Mixed Platforms.Build.0 = Release|Any CPU
		{29CA9249-AAAF-4FCB-B00E-0F1E27FF3EA8}.Debug|.NET.ActiveCfg = Debug|Any CPU
		{29CA9249-AAAF-4FCB-B00E-0F1E27FF3EA8}.Debug|Any CPU.ActiveCfg = Debug|Any CPU
		{29CA9249-AAAF-4FCB-B00E-0F1E27FF3EA8}.Debug|Any CPU.Build.0 = Debug|Any CPU
		{29CA9249-AAAF-4FCB-B00E-0F1E27FF3EA8}.Debug|Mixed Platforms.ActiveCfg = Debug|Any CPU
		{29CA9249-AAAF-4FCB-B00E-0F1E27FF3EA8}.Debug|Mixed Platforms.Build.0 = Debug|Any CPU
		{29CA9249-AAAF-4FCB-B00E-0F1E27FF3EA8}.Release|.NET.ActiveCfg = Release|Any CPU
		{29CA9249-AAAF-4FCB-B00E-0F1E27FF3EA8}.Release|Any CPU.ActiveCfg = Release|Any CPU
		{29CA9249-AAAF-4FCB-B00E-0F1E27FF3EA8}.Release|Any CPU.Build.0 = Release|Any CPU
		{29CA9249-AAAF-4FCB-B00E-0F1E27FF3EA8}.Release|Mixed Platforms.ActiveCfg = Release|Any CPU
		{29CA9249-AAAF-4FCB-B00E-0F1E27FF3EA8}.Release|Mixed Platforms.Build.0 = Release|Any CPU
		{6F70D6A5-10EC-408A-AE86-9720451F81CE}.Debug|.NET.ActiveCfg = Debug|Any CPU
		{6F70D6A5-10EC-408A-AE86-9720451F81CE}.Debug|Any CPU.ActiveCfg = Debug|Any CPU
		{6F70D6A5-10EC-408A-AE86-9720451F81CE}.Debug|Any CPU.Build.0 = Debug|Any CPU
		{6F70D6A5-10EC-408A-AE86-9720451F81CE}.Debug|Mixed Platforms.ActiveCfg = Debug|Any CPU
		{6F70D6A5-10EC-408A-AE86-9720451F81CE}.Debug|Mixed Platforms.Build.0 = Debug|Any CPU
		{6F70D6A5-10EC-408A-AE86-9720451F81CE}.Release|.NET.ActiveCfg = Release|Any CPU
		{6F70D6A5-10EC-408A-AE86-9720451F81CE}.Release|Any CPU.ActiveCfg = Release|Any CPU
		{6F70D6A5-10EC-408A-AE86-9720451F81CE}.Release|Any CPU.Build.0 = Release|Any CPU
		{6F70D6A5-10EC-408A-AE86-9720451F81CE}.Release|Mixed Platforms.ActiveCfg = Release|Any CPU
		{6F70D6A5-10EC-408A-AE86-9720451F81CE}.Release|Mixed Platforms.Build.0 = Release|Any CPU
		{D0140D5A-D084-4731-8AB1-491663CBD8B2}.Debug|.NET.ActiveCfg = Debug|Any CPU
		{D0140D5A-D084-4731-8AB1-491663CBD8B2}.Debug|Any CPU.ActiveCfg = Debug|Any CPU
		{D0140D5A-D084-4731-8AB1-491663CBD8B2}.Debug|Any CPU.Build.0 = Debug|Any CPU
		{D0140D5A-D084-4731-8AB1-491663CBD8B2}.Debug|Mixed Platforms.ActiveCfg = Debug|Any CPU
		{D0140D5A-D084-4731-8AB1-491663CBD8B2}.Debug|Mixed Platforms.Build.0 = Debug|Any CPU
		{D0140D5A-D084-4731-8AB1-491663CBD8B2}.Release|.NET.ActiveCfg = Release|Any CPU
		{D0140D5A-D084-4731-8AB1-491663CBD8B2}.Release|Any CPU.ActiveCfg = Release|Any CPU
		{D0140D5A-D084-4731-8AB1-491663CBD8B2}.Release|Any CPU.Build.0 = Release|Any CPU
		{D0140D5A-D084-4731-8AB1-491663CBD8B2}.Release|Mixed Platforms.ActiveCfg = Release|Any CPU
		{D0140D5A-D084-4731-8AB1-491663CBD8B2}.Release|Mixed Platforms.Build.0 = Release|Any CPU
		{35DC2BC4-13F4-4D29-ABB0-610E87B7F098}.Debug|.NET.ActiveCfg = Debug|Any CPU
		{35DC2BC4-13F4-4D29-ABB0-610E87B7F098}.Debug|Any CPU.ActiveCfg = Debug|Any CPU
		{35DC2BC4-13F4-4D29-ABB0-610E87B7F098}.Debug|Any CPU.Build.0 = Debug|Any CPU
		{35DC2BC4-13F4-4D29-ABB0-610E87B7F098}.Debug|Mixed Platforms.ActiveCfg = Debug|Any CPU
		{35DC2BC4-13F4-4D29-ABB0-610E87B7F098}.Debug|Mixed Platforms.Build.0 = Debug|Any CPU
		{35DC2BC4-13F4-4D29-ABB0-610E87B7F098}.Release|.NET.ActiveCfg = Release|Any CPU
		{35DC2BC4-13F4-4D29-ABB0-610E87B7F098}.Release|Any CPU.ActiveCfg = Release|Any CPU
		{35DC2BC4-13F4-4D29-ABB0-610E87B7F098}.Release|Any CPU.Build.0 = Release|Any CPU
		{35DC2BC4-13F4-4D29-ABB0-610E87B7F098}.Release|Mixed Platforms.ActiveCfg = Release|Any CPU
		{35DC2BC4-13F4-4D29-ABB0-610E87B7F098}.Release|Mixed Platforms.Build.0 = Release|Any CPU
	EndGlobalSection
	GlobalSection(SolutionProperties) = preSolution
		HideSolutionNode = FALSE
	EndGlobalSection
	GlobalSection(NestedProjects) = preSolution
		{EDF6395D-98B7-45D7-834F-493D215F8B14} = {2CA71D49-8854-4CC4-86DE-B8E478A46BA2}
		{8A04369F-242F-47A1-9A34-0D6D63337775} = {7329300B-B3C3-413A-8F9F-9CDF01D9E5EB}
		{E534EDE7-6F4F-46A4-B697-D066C83A5810} = {7329300B-B3C3-413A-8F9F-9CDF01D9E5EB}
		{B1789295-B42B-493A-9CE0-570AE9425773} = {7329300B-B3C3-413A-8F9F-9CDF01D9E5EB}
		{116FF600-71B5-4EB4-88CB-77FF14EA2960} = {415D2939-8ADF-44FE-BDFC-EF056D9F0CDC}
		{0282EC7E-6588-4426-A5B1-DFCD18C06236} = {415D2939-8ADF-44FE-BDFC-EF056D9F0CDC}
		{B85DCD9B-4BF3-4C54-9A5F-32A640542CFC} = {415D2939-8ADF-44FE-BDFC-EF056D9F0CDC}
		{46E25CE0-5CCC-4187-B66A-C61209181E49} = {415D2939-8ADF-44FE-BDFC-EF056D9F0CDC}
		{CB24C2A7-B79B-43F2-8D1F-4558A797C080} = {26935539-4B6F-4950-9491-318C3B42342D}
		{44600F98-8BEE-49F0-83B4-6A51689145F7} = {26935539-4B6F-4950-9491-318C3B42342D}
		{0BD67253-2590-4792-A1F6-A0377519D0A2} = {F2E22C25-18F5-4F53-8138-8CCE1A88957C}
		{35DC2BC4-13F4-4D29-ABB0-610E87B7F098} = {F2E22C25-18F5-4F53-8138-8CCE1A88957C}
		{29CA9249-AAAF-4FCB-B00E-0F1E27FF3EA8} = {82100747-400A-480C-B2FD-366436076AC5}
		{6F70D6A5-10EC-408A-AE86-9720451F81CE} = {82100747-400A-480C-B2FD-366436076AC5}
		{B3E5F089-8524-4966-9103-2CC8D61FE495} = {82100747-400A-480C-B2FD-366436076AC5}
		{D0140D5A-D084-4731-8AB1-491663CBD8B2} = {82100747-400A-480C-B2FD-366436076AC5}
	EndGlobalSection
EndGlobal
