
Microsoft Visual Studio Solution File, Format Version 10.00
# Visual Studio 2008
Project("{FAE04EC0-301F-11D3-BF4B-00C04F79EFBC}") = "Tools.Net.Cci.Samples", "Tools.Cci.Samples\Tools.Net.Cci.Samples.csproj", "{2D5C2317-75A0-47AE-BA00-83E5F8E95098}"
EndProject
Global
	GlobalSection(SolutionConfigurationPlatforms) = preSolution
		Debug|Any CPU = Debug|Any CPU
		Release|Any CPU = Release|Any CPU
	EndGlobalSection
	GlobalSection(ProjectConfigurationPlatforms) = postSolution
		{2D5C2317-75A0-47AE-BA00-83E5F8E95098}.Debug|Any CPU.ActiveCfg = Debug|Any CPU
		{2D5C2317-75A0-47AE-BA00-83E5F8E95098}.Debug|Any CPU.Build.0 = Debug|Any CPU
		{2D5C2317-75A0-47AE-BA00-83E5F8E95098}.Release|Any CPU.ActiveCfg = Release|Any CPU
		{2D5C2317-75A0-47AE-BA00-83E5F8E95098}.Release|Any CPU.Build.0 = Release|Any CPU
	EndGlobalSection
	GlobalSection(SolutionProperties) = preSolution
		HideSolutionNode = FALSE
	EndGlobalSection
EndGlobal
